// !$*UTF8*$!
{
	archiveVersion = 1;
	classes = {
	};
	objectVersion = 48;
	objects = {

/* Begin PBXBuildFile section */
		502E264D1F828C19007E6CE4 /* AppDelegate.swift in Sources */ = {isa = PBXBuildFile; fileRef = 502E264C1F828C19007E6CE4 /* AppDelegate.swift */; };
		502E264F1F828C19007E6CE4 /* ViewController.swift in Sources */ = {isa = PBXBuildFile; fileRef = 502E264E1F828C19007E6CE4 /* ViewController.swift */; };
		502E26521F828C19007E6CE4 /* Main.storyboard in Resources */ = {isa = PBXBuildFile; fileRef = 502E26501F828C19007E6CE4 /* Main.storyboard */; };
		502E26541F828C19007E6CE4 /* Assets.xcassets in Resources */ = {isa = PBXBuildFile; fileRef = 502E26531F828C19007E6CE4 /* Assets.xcassets */; };
		502E26571F828C19007E6CE4 /* LaunchScreen.storyboard in Resources */ = {isa = PBXBuildFile; fileRef = 502E26551F828C19007E6CE4 /* LaunchScreen.storyboard */; };
		502E26621F828C19007E6CE4 /* EnglishStudyTests.swift in Sources */ = {isa = PBXBuildFile; fileRef = 502E26611F828C19007E6CE4 /* EnglishStudyTests.swift */; };
		502E266D1F828C19007E6CE4 /* EnglishStudyUITests.swift in Sources */ = {isa = PBXBuildFile; fileRef = 502E266C1F828C19007E6CE4 /* EnglishStudyUITests.swift */; };
/* End PBXBuildFile section */

/* Begin PBXContainerItemProxy section */
		502E265E1F828C19007E6CE4 /* PBXContainerItemProxy */ = {
			isa = PBXContainerItemProxy;
			containerPortal = 502E26411F828C19007E6CE4 /* Project object */;
			proxyType = 1;
			remoteGlobalIDString = 502E26481F828C19007E6CE4;
			remoteInfo = EnglishStudy;
		};
		502E26691F828C19007E6CE4 /* PBXContainerItemProxy */ = {
			isa = PBXContainerItemProxy;
			containerPortal = 502E26411F828C19007E6CE4 /* Project object */;
			proxyType = 1;
			remoteGlobalIDString = 502E26481F828C19007E6CE4;
			remoteInfo = EnglishStudy;
		};
/* End PBXContainerItemProxy section */

/* Begin PBXFileReference section */
		502E26491F828C19007E6CE4 /* EnglishStudy.app */ = {isa = PBXFileReference; explicitFileType = wrapper.application; includeInIndex = 0; path = EnglishStudy.app; sourceTree = BUILT_PRODUCTS_DIR; };
		502E264C1F828C19007E6CE4 /* AppDelegate.swift */ = {isa = PBXFileReference; lastKnownFileType = sourcecode.swift; path = AppDelegate.swift; sourceTree = "<group>"; };
		502E264E1F828C19007E6CE4 /* ViewController.swift */ = {isa = PBXFileReference; lastKnownFileType = sourcecode.swift; path = ViewController.swift; sourceTree = "<group>"; };
		502E26511F828C19007E6CE4 /* Base */ = {isa = PBXFileReference; lastKnownFileType = file.storyboard; name = Base; path = Base.lproj/Main.storyboard; sourceTree = "<group>"; };
		502E26531F828C19007E6CE4 /* Assets.xcassets */ = {isa = PBXFileReference; lastKnownFileType = folder.assetcatalog; path = Assets.xcassets; sourceTree = "<group>"; };
		502E26561F828C19007E6CE4 /* Base */ = {isa = PBXFileReference; lastKnownFileType = file.storyboard; name = Base; path = Base.lproj/LaunchScreen.storyboard; sourceTree = "<group>"; };
		502E26581F828C19007E6CE4 /* Info.plist */ = {isa = PBXFileReference; lastKnownFileType = text.plist.xml; path = Info.plist; sourceTree = "<group>"; };
		502E265D1F828C19007E6CE4 /* EnglishStudyTests.xctest */ = {isa = PBXFileReference; explicitFileType = wrapper.cfbundle; includeInIndex = 0; path = EnglishStudyTests.xctest; sourceTree = BUILT_PRODUCTS_DIR; };
		502E26611F828C19007E6CE4 /* EnglishStudyTests.swift */ = {isa = PBXFileReference; lastKnownFileType = sourcecode.swift; path = EnglishStudyTests.swift; sourceTree = "<group>"; };
		502E26631F828C19007E6CE4 /* Info.plist */ = {isa = PBXFileReference; lastKnownFileType = text.plist.xml; path = Info.plist; sourceTree = "<group>"; };
		502E26681F828C19007E6CE4 /* EnglishStudyUITests.xctest */ = {isa = PBXFileReference; explicitFileType = wrapper.cfbundle; includeInIndex = 0; path = EnglishStudyUITests.xctest; sourceTree = BUILT_PRODUCTS_DIR; };
		502E266C1F828C19007E6CE4 /* EnglishStudyUITests.swift */ = {isa = PBXFileReference; lastKnownFileType = sourcecode.swift; path = EnglishStudyUITests.swift; sourceTree = "<group>"; };
		502E266E1F828C19007E6CE4 /* Info.plist */ = {isa = PBXFileReference; lastKnownFileType = text.plist.xml; path = Info.plist; sourceTree = "<group>"; };
/* End PBXFileReference section */

/* Begin PBXFrameworksBuildPhase section */
		502E26461F828C19007E6CE4 /* Frameworks */ = {
			isa = PBXFrameworksBuildPhase;
			buildActionMask = 2147483647;
			files = (
			);
			runOnlyForDeploymentPostprocessing = 0;
		};
		502E265A1F828C19007E6CE4 /* Frameworks */ = {
			isa = PBXFrameworksBuildPhase;
			buildActionMask = 2147483647;
			files = (
			);
			runOnlyForDeploymentPostprocessing = 0;
		};
		502E26651F828C19007E6CE4 /* Frameworks */ = {
			isa = PBXFrameworksBuildPhase;
			buildActionMask = 2147483647;
			files = (
			);
			runOnlyForDeploymentPostprocessing = 0;
		};
/* End PBXFrameworksBuildPhase section */

/* Begin PBXGroup section */
		502E26401F828C19007E6CE4 = {
			isa = PBXGroup;
			children = (
				502E264B1F828C19007E6CE4 /* EnglishStudy */,
				502E26601F828C19007E6CE4 /* EnglishStudyTests */,
				502E266B1F828C19007E6CE4 /* EnglishStudyUITests */,
				502E264A1F828C19007E6CE4 /* Products */,
			);
			sourceTree = "<group>";
		};
		502E264A1F828C19007E6CE4 /* Products */ = {
			isa = PBXGroup;
			children = (
				502E26491F828C19007E6CE4 /* EnglishStudy.app */,
				502E265D1F828C19007E6CE4 /* EnglishStudyTests.xctest */,
				502E26681F828C19007E6CE4 /* EnglishStudyUITests.xctest */,
			);
			name = Products;
			sourceTree = "<group>";
		};
		502E264B1F828C19007E6CE4 /* EnglishStudy */ = {
			isa = PBXGroup;
			children = (
				502E264C1F828C19007E6CE4 /* AppDelegate.swift */,
				502E264E1F828C19007E6CE4 /* ViewController.swift */,
				502E26501F828C19007E6CE4 /* Main.storyboard */,
				502E26531F828C19007E6CE4 /* Assets.xcassets */,
				502E26551F828C19007E6CE4 /* LaunchScreen.storyboard */,
				502E26581F828C19007E6CE4 /* Info.plist */,
			);
			path = EnglishStudy;
			sourceTree = "<group>";
		};
		502E26601F828C19007E6CE4 /* EnglishStudyTests */ = {
			isa = PBXGroup;
			children = (
				502E26611F828C19007E6CE4 /* EnglishStudyTests.swift */,
				502E26631F828C19007E6CE4 /* Info.plist */,
			);
			path = EnglishStudyTests;
			sourceTree = "<group>";
		};
		502E266B1F828C19007E6CE4 /* EnglishStudyUITests */ = {
			isa = PBXGroup;
			children = (
				502E266C1F828C19007E6CE4 /* EnglishStudyUITests.swift */,
				502E266E1F828C19007E6CE4 /* Info.plist */,
			);
			path = EnglishStudyUITests;
			sourceTree = "<group>";
		};
/* End PBXGroup section */

/* Begin PBXNativeTarget section */
		502E26481F828C19007E6CE4 /* EnglishStudy */ = {
			isa = PBXNativeTarget;
			buildConfigurationList = 502E26711F828C19007E6CE4 /* Build configuration list for PBXNativeTarget "EnglishStudy" */;
			buildPhases = (
				502E26451F828C19007E6CE4 /* Sources */,
				502E26461F828C19007E6CE4 /* Frameworks */,
				502E26471F828C19007E6CE4 /* Resources */,
			);
			buildRules = (
			);
			dependencies = (
			);
			name = EnglishStudy;
			productName = EnglishStudy;
			productReference = 502E26491F828C19007E6CE4 /* EnglishStudy.app */;
			productType = "com.apple.product-type.application";
		};
		502E265C1F828C19007E6CE4 /* EnglishStudyTests */ = {
			isa = PBXNativeTarget;
			buildConfigurationList = 502E26741F828C19007E6CE4 /* Build configuration list for PBXNativeTarget "EnglishStudyTests" */;
			buildPhases = (
				502E26591F828C19007E6CE4 /* Sources */,
				502E265A1F828C19007E6CE4 /* Frameworks */,
				502E265B1F828C19007E6CE4 /* Resources */,
			);
			buildRules = (
			);
			dependencies = (
				502E265F1F828C19007E6CE4 /* PBXTargetDependency */,
			);
			name = EnglishStudyTests;
			productName = EnglishStudyTests;
			productReference = 502E265D1F828C19007E6CE4 /* EnglishStudyTests.xctest */;
			productType = "com.apple.product-type.bundle.unit-test";
		};
		502E26671F828C19007E6CE4 /* EnglishStudyUITests */ = {
			isa = PBXNativeTarget;
			buildConfigurationList = 502E26771F828C19007E6CE4 /* Build configuration list for PBXNativeTarget "EnglishStudyUITests" */;
			buildPhases = (
				502E26641F828C19007E6CE4 /* Sources */,
				502E26651F828C19007E6CE4 /* Frameworks */,
				502E26661F828C19007E6CE4 /* Resources */,
			);
			buildRules = (
			);
			dependencies = (
				502E266A1F828C19007E6CE4 /* PBXTargetDependency */,
			);
			name = EnglishStudyUITests;
			productName = EnglishStudyUITests;
			productReference = 502E26681F828C19007E6CE4 /* EnglishStudyUITests.xctest */;
			productType = "com.apple.product-type.bundle.ui-testing";
		};
/* End PBXNativeTarget section */

/* Begin PBXProject section */
		502E26411F828C19007E6CE4 /* Project object */ = {
			isa = PBXProject;
			attributes = {
				LastSwiftUpdateCheck = 0900;
				LastUpgradeCheck = 0900;
				ORGANIZATIONNAME = "Neo Nguyen";
				TargetAttributes = {
					502E26481F828C19007E6CE4 = {
						CreatedOnToolsVersion = 9.0;
						ProvisioningStyle = Manual;
					};
					502E265C1F828C19007E6CE4 = {
						CreatedOnToolsVersion = 9.0;
						ProvisioningStyle = Automatic;
						TestTargetID = 502E26481F828C19007E6CE4;
					};
					502E26671F828C19007E6CE4 = {
						CreatedOnToolsVersion = 9.0;
						ProvisioningStyle = Automatic;
						TestTargetID = 502E26481F828C19007E6CE4;
					};
				};
			};
			buildConfigurationList = 502E26441F828C19007E6CE4 /* Build configuration list for PBXProject "EnglishStudy" */;
			compatibilityVersion = "Xcode 8.0";
			developmentRegion = en;
			hasScannedForEncodings = 0;
			knownRegions = (
				en,
				Base,
			);
			mainGroup = 502E26401F828C19007E6CE4;
			productRefGroup = 502E264A1F828C19007E6CE4 /* Products */;
			projectDirPath = "";
			projectRoot = "";
			targets = (
				502E26481F828C19007E6CE4 /* EnglishStudy */,
				502E265C1F828C19007E6CE4 /* EnglishStudyTests */,
				502E26671F828C19007E6CE4 /* EnglishStudyUITests */,
			);
		};
/* End PBXProject section */

/* Begin PBXResourcesBuildPhase section */
		502E26471F828C19007E6CE4 /* Resources */ = {
			isa = PBXResourcesBuildPhase;
			buildActionMask = 2147483647;
			files = (
				502E26571F828C19007E6CE4 /* LaunchScreen.storyboard in Resources */,
				502E26541F828C19007E6CE4 /* Assets.xcassets in Resources */,
				502E26521F828C19007E6CE4 /* Main.storyboard in Resources */,
			);
			runOnlyForDeploymentPostprocessing = 0;
		};
		502E265B1F828C19007E6CE4 /* Resources */ = {
			isa = PBXResourcesBuildPhase;
			buildActionMask = 2147483647;
			files = (
			);
			runOnlyForDeploymentPostprocessing = 0;
		};
		502E26661F828C19007E6CE4 /* Resources */ = {
			isa = PBXResourcesBuildPhase;
			buildActionMask = 2147483647;
			files = (
			);
			runOnlyForDeploymentPostprocessing = 0;
		};
/* End PBXResourcesBuildPhase section */

/* Begin PBXSourcesBuildPhase section */
		502E26451F828C19007E6CE4 /* Sources */ = {
			isa = PBXSourcesBuildPhase;
			buildActionMask = 2147483647;
			files = (
				502E264F1F828C19007E6CE4 /* ViewController.swift in Sources */,
				502E264D1F828C19007E6CE4 /* AppDelegate.swift in Sources */,
			);
			runOnlyForDeploymentPostprocessing = 0;
		};
		502E26591F828C19007E6CE4 /* Sources */ = {
			isa = PBXSourcesBuildPhase;
			buildActionMask = 2147483647;
			files = (
				502E26621F828C19007E6CE4 /* EnglishStudyTests.swift in Sources */,
			);
			runOnlyForDeploymentPostprocessing = 0;
		};
		502E26641F828C19007E6CE4 /* Sources */ = {
			isa = PBXSourcesBuildPhase;
			buildActionMask = 2147483647;
			files = (
				502E266D1F828C19007E6CE4 /* EnglishStudyUITests.swift in Sources */,
			);
			runOnlyForDeploymentPostprocessing = 0;
		};
/* End PBXSourcesBuildPhase section */

/* Begin PBXTargetDependency section */
		502E265F1F828C19007E6CE4 /* PBXTargetDependency */ = {
			isa = PBXTargetDependency;
			target = 502E26481F828C19007E6CE4 /* EnglishStudy */;
			targetProxy = 502E265E1F828C19007E6CE4 /* PBXContainerItemProxy */;
		};
		502E266A1F828C19007E6CE4 /* PBXTargetDependency */ = {
			isa = PBXTargetDependency;
			target = 502E26481F828C19007E6CE4 /* EnglishStudy */;
			targetProxy = 502E26691F828C19007E6CE4 /* PBXContainerItemProxy */;
		};
/* End PBXTargetDependency section */

/* Begin PBXVariantGroup section */
		502E26501F828C19007E6CE4 /* Main.storyboard */ = {
			isa = PBXVariantGroup;
			children = (
				502E26511F828C19007E6CE4 /* Base */,
			);
			name = Main.storyboard;
			sourceTree = "<group>";
		};
		502E26551F828C19007E6CE4 /* LaunchScreen.storyboard */ = {
			isa = PBXVariantGroup;
			children = (
				502E26561F828C19007E6CE4 /* Base */,
			);
			name = LaunchScreen.storyboard;
			sourceTree = "<group>";
		};
/* End PBXVariantGroup section */

/* Begin XCBuildConfiguration section */
		502E266F1F828C19007E6CE4 /* Debug */ = {
			isa = XCBuildConfiguration;
			buildSettings = {
				ALWAYS_SEARCH_USER_PATHS = NO;
				CLANG_ANALYZER_NONNULL = YES;
				CLANG_ANALYZER_NUMBER_OBJECT_CONVERSION = YES_AGGRESSIVE;
				CLANG_CXX_LANGUAGE_STANDARD = "gnu++14";
				CLANG_CXX_LIBRARY = "libc++";
				CLANG_ENABLE_MODULES = YES;
				CLANG_ENABLE_OBJC_ARC = YES;
				CLANG_WARN_BLOCK_CAPTURE_AUTORELEASING = YES;
				CLANG_WARN_BOOL_CONVERSION = YES;
				CLANG_WARN_COMMA = YES;
				CLANG_WARN_CONSTANT_CONVERSION = YES;
				CLANG_WARN_DIRECT_OBJC_ISA_USAGE = YES_ERROR;
				CLANG_WARN_DOCUMENTATION_COMMENTS = YES;
				CLANG_WARN_EMPTY_BODY = YES;
				CLANG_WARN_ENUM_CONVERSION = YES;
				CLANG_WARN_INFINITE_RECURSION = YES;
				CLANG_WARN_INT_CONVERSION = YES;
				CLANG_WARN_NON_LITERAL_NULL_CONVERSION = YES;
				CLANG_WARN_OBJC_LITERAL_CONVERSION = YES;
				CLANG_WARN_OBJC_ROOT_CLASS = YES_ERROR;
				CLANG_WARN_RANGE_LOOP_ANALYSIS = YES;
				CLANG_WARN_STRICT_PROTOTYPES = YES;
				CLANG_WARN_SUSPICIOUS_MOVE = YES;
				CLANG_WARN_UNGUARDED_AVAILABILITY = YES_AGGRESSIVE;
				CLANG_WARN_UNREACHABLE_CODE = YES;
				CLANG_WARN__DUPLICATE_METHOD_MATCH = YES;
				CODE_SIGN_IDENTITY = "iPhone Developer";
				COPY_PHASE_STRIP = NO;
				DEBUG_INFORMATION_FORMAT = dwarf;
				ENABLE_STRICT_OBJC_MSGSEND = YES;
				ENABLE_TESTABILITY = YES;
				GCC_C_LANGUAGE_STANDARD = gnu11;
				GCC_DYNAMIC_NO_PIC = NO;
				GCC_NO_COMMON_BLOCKS = YES;
				GCC_OPTIMIZATION_LEVEL = 0;
				GCC_PREPROCESSOR_DEFINITIONS = (
					"DEBUG=1",
					"$(inherited)",
				);
				GCC_WARN_64_TO_32_BIT_CONVERSION = YES;
				GCC_WARN_ABOUT_RETURN_TYPE = YES_ERROR;
				GCC_WARN_UNDECLARED_SELECTOR = YES;
				GCC_WARN_UNINITIALIZED_AUTOS = YES_AGGRESSIVE;
				GCC_WARN_UNUSED_FUNCTION = YES;
				GCC_WARN_UNUSED_VARIABLE = YES;
				IPHONEOS_DEPLOYMENT_TARGET = 11.0;
				MTL_ENABLE_DEBUG_INFO = YES;
				ONLY_ACTIVE_ARCH = YES;
				SDKROOT = iphoneos;
				SWIFT_ACTIVE_COMPILATION_CONDITIONS = DEBUG;
				SWIFT_OPTIMIZATION_LEVEL = "-Onone";
			};
			name = Debug;
		};
		502E26701F828C19007E6CE4 /* Release */ = {
			isa = XCBuildConfiguration;
			buildSettings = {
				ALWAYS_SEARCH_USER_PATHS = NO;
				CLANG_ANALYZER_NONNULL = YES;
				CLANG_ANALYZER_NUMBER_OBJECT_CONVERSION = YES_AGGRESSIVE;
				CLANG_CXX_LANGUAGE_STANDARD = "gnu++14";
				CLANG_CXX_LIBRARY = "libc++";
				CLANG_ENABLE_MODULES = YES;
				CLANG_ENABLE_OBJC_ARC = YES;
				CLANG_WARN_BLOCK_CAPTURE_AUTORELEASING = YES;
				CLANG_WARN_BOOL_CONVERSION = YES;
				CLANG_WARN_COMMA = YES;
				CLANG_WARN_CONSTANT_CONVERSION = YES;
				CLANG_WARN_DIRECT_OBJC_ISA_USAGE = YES_ERROR;
				CLANG_WARN_DOCUMENTATION_COMMENTS = YES;
				CLANG_WARN_EMPTY_BODY = YES;
				CLANG_WARN_ENUM_CONVERSION = YES;
				CLANG_WARN_INFINITE_RECURSION = YES;
				CLANG_WARN_INT_CONVERSION = YES;
				CLANG_WARN_NON_LITERAL_NULL_CONVERSION = YES;
				CLANG_WARN_OBJC_LITERAL_CONVERSION = YES;
				CLANG_WARN_OBJC_ROOT_CLASS = YES_ERROR;
				CLANG_WARN_RANGE_LOOP_ANALYSIS = YES;
				CLANG_WARN_STRICT_PROTOTYPES = YES;
				CLANG_WARN_SUSPICIOUS_MOVE = YES;
				CLANG_WARN_UNGUARDED_AVAILABILITY = YES_AGGRESSIVE;
				CLANG_WARN_UNREACHABLE_CODE = YES;
				CLANG_WARN__DUPLICATE_METHOD_MATCH = YES;
				CODE_SIGN_IDENTITY = "iPhone Developer";
				COPY_PHASE_STRIP = NO;
				DEBUG_INFORMATION_FORMAT = "dwarf-with-dsym";
				ENABLE_NS_ASSERTIONS = NO;
				ENABLE_STRICT_OBJC_MSGSEND = YES;
				GCC_C_LANGUAGE_STANDARD = gnu11;
				GCC_NO_COMMON_BLOCKS = YES;
				GCC_WARN_64_TO_32_BIT_CONVERSION = YES;
				GCC_WARN_ABOUT_RETURN_TYPE = YES_ERROR;
				GCC_WARN_UNDECLARED_SELECTOR = YES;
				GCC_WARN_UNINITIALIZED_AUTOS = YES_AGGRESSIVE;
				GCC_WARN_UNUSED_FUNCTION = YES;
				GCC_WARN_UNUSED_VARIABLE = YES;
				IPHONEOS_DEPLOYMENT_TARGET = 11.0;
				MTL_ENABLE_DEBUG_INFO = NO;
				SDKROOT = iphoneos;
				SWIFT_OPTIMIZATION_LEVEL = "-Owholemodule";
				VALIDATE_PRODUCT = YES;
			};
			name = Release;
		};
		502E26721F828C19007E6CE4 /* Debug */ = {
			isa = XCBuildConfiguration;
			buildSettings = {
				ASSETCATALOG_COMPILER_APPICON_NAME = AppIcon;
				CODE_SIGN_STYLE = Manual;
				DEVELOPMENT_TEAM = "";
				INFOPLIST_FILE = EnglishStudy/Info.plist;
				LD_RUNPATH_SEARCH_PATHS = "$(inherited) @executable_path/Frameworks";
				PRODUCT_BUNDLE_IDENTIFIER = com.NQ.EnglishStudy;
				PRODUCT_NAME = "$(TARGET_NAME)";
				PROVISIONING_PROFILE_SPECIFIER = "";
				SWIFT_VERSION = 4.0;
				TARGETED_DEVICE_FAMILY = "1,2";
			};
			name = Debug;
		};
		502E26731F828C19007E6CE4 /* Release */ = {
			isa = XCBuildConfiguration;
			buildSettings = {
				ASSETCATALOG_COMPILER_APPICON_NAME = AppIcon;
				CODE_SIGN_STYLE = Manual;
				DEVELOPMENT_TEAM = "";
				INFOPLIST_FILE = EnglishStudy/Info.plist;
				LD_RUNPATH_SEARCH_PATHS = "$(inherited) @executable_path/Frameworks";
				PRODUCT_BUNDLE_IDENTIFIER = com.NQ.EnglishStudy;
				PRODUCT_NAME = "$(TARGET_NAME)";
				PROVISIONING_PROFILE_SPECIFIER = "";
				SWIFT_VERSION = 4.0;
				TARGETED_DEVICE_FAMILY = "1,2";
			};
			name = Release;
		};
		502E26751F828C19007E6CE4 /* Debug */ = {
			isa = XCBuildConfiguration;
			buildSettings = {
				ALWAYS_EMBED_SWIFT_STANDARD_LIBRARIES = YES;
				BUNDLE_LOADER = "$(TEST_HOST)";
				CODE_SIGN_STYLE = Automatic;
				DEVELOPMENT_TEAM = UDMPAVQV7F;
				INFOPLIST_FILE = EnglishStudyTests/Info.plist;
				LD_RUNPATH_SEARCH_PATHS = "$(inherited) @executable_path/Frameworks @loader_path/Frameworks";
				PRODUCT_BUNDLE_IDENTIFIER = com.NQ.EnglishStudyTests;
				PRODUCT_NAME = "$(TARGET_NAME)";
				SWIFT_VERSION = 4.0;
				TARGETED_DEVICE_FAMILY = "1,2";
				TEST_HOST = "$(BUILT_PRODUCTS_DIR)/EnglishStudy.app/EnglishStudy";
			};
			name = Debug;
		};
		502E26761F828C19007E6CE4 /* Release */ = {
			isa = XCBuildConfiguration;
			buildSettings = {
				ALWAYS_EMBED_SWIFT_STANDARD_LIBRARIES = YES;
				BUNDLE_LOADER = "$(TEST_HOST)";
				CODE_SIGN_STYLE = Automatic;
				DEVELOPMENT_TEAM = UDMPAVQV7F;
				INFOPLIST_FILE = EnglishStudyTests/Info.plist;
				LD_RUNPATH_SEARCH_PATHS = "$(inherited) @executable_path/Frameworks @loader_path/Frameworks";
				PRODUCT_BUNDLE_IDENTIFIER = com.NQ.EnglishStudyTests;
				PRODUCT_NAME = "$(TARGET_NAME)";
				SWIFT_VERSION = 4.0;
				TARGETED_DEVICE_FAMILY = "1,2";
				TEST_HOST = "$(BUILT_PRODUCTS_DIR)/EnglishStudy.app/EnglishStudy";
			};
			name = Release;
		};
		502E26781F828C19007E6CE4 /* Debug */ = {
			isa = XCBuildConfiguration;
			buildSettings = {
				ALWAYS_EMBED_SWIFT_STANDARD_LIBRARIES = YES;
				CODE_SIGN_STYLE = Automatic;
				DEVELOPMENT_TEAM = UDMPAVQV7F;
				INFOPLIST_FILE = EnglishStudyUITests/Info.plist;
				LD_RUNPATH_SEARCH_PATHS = "$(inherited) @executable_path/Frameworks @loader_path/Frameworks";
				PRODUCT_BUNDLE_IDENTIFIER = com.NQ.EnglishStudyUITests;
				PRODUCT_NAME = "$(TARGET_NAME)";
				SWIFT_VERSION = 4.0;
				TARGETED_DEVICE_FAMILY = "1,2";
				TEST_TARGET_NAME = EnglishStudy;
			};
			name = Debug;
		};
		502E26791F828C19007E6CE4 /* Release */ = {
			isa = XCBuildConfiguration;
			buildSettings = {
				ALWAYS_EMBED_SWIFT_STANDARD_LIBRARIES = YES;
				CODE_SIGN_STYLE = Automatic;
				DEVELOPMENT_TEAM = UDMPAVQV7F;
				INFOPLIST_FILE = EnglishStudyUITests/Info.plist;
				LD_RUNPATH_SEARCH_PATHS = "$(inherited) @executable_path/Frameworks @loader_path/Frameworks";
				PRODUCT_BUNDLE_IDENTIFIER = com.NQ.EnglishStudyUITests;
				PRODUCT_NAME = "$(TARGET_NAME)";
				SWIFT_VERSION = 4.0;
				TARGETED_DEVICE_FAMILY = "1,2";
				TEST_TARGET_NAME = EnglishStudy;
			};
			name = Release;
		};
/* End XCBuildConfiguration section */

/* Begin XCConfigurationList section */
		502E26441F828C19007E6CE4 /* Build configuration list for PBXProject "EnglishStudy" */ = {
			isa = XCConfigurationList;
			buildConfigurations = (
				502E266F1F828C19007E6CE4 /* Debug */,
				502E26701F828C19007E6CE4 /* Release */,
			);
			defaultConfigurationIsVisible = 0;
			defaultConfigurationName = Release;
		};
		502E26711F828C19007E6CE4 /* Build configuration list for PBXNativeTarget "EnglishStudy" */ = {
			isa = XCConfigurationList;
			buildConfigurations = (
				502E26721F828C19007E6CE4 /* Debug */,
				502E26731F828C19007E6CE4 /* Release */,
			);
			defaultConfigurationIsVisible = 0;
			defaultConfigurationName = Release;
		};
		502E26741F828C19007E6CE4 /* Build configuration list for PBXNativeTarget "EnglishStudyTests" */ = {
			isa = XCConfigurationList;
			buildConfigurations = (
				502E26751F828C19007E6CE4 /* Debug */,
				502E26761F828C19007E6CE4 /* Release */,
			);
			defaultConfigurationIsVisible = 0;
			defaultConfigurationName = Release;
		};
		502E26771F828C19007E6CE4 /* Build configuration list for PBXNativeTarget "EnglishStudyUITests" */ = {
			isa = XCConfigurationList;
			buildConfigurations = (
				502E26781F828C19007E6CE4 /* Debug */,
				502E26791F828C19007E6CE4 /* Release */,
			);
			defaultConfigurationIsVisible = 0;
			defaultConfigurationName = Release;
		};
/* End XCConfigurationList section */
	};
	rootObject = 502E26411F828C19007E6CE4 /* Project object */;
}
