// !$*UTF8*$!
{
	archiveVersion = 1;
	classes = {
	};
	objectVersion = 48;
	objects = {

/* Begin PBXBuildFile section */
		2F801924CB404E4635C84294 /* Pods_EnglishStudy.framework in Frameworks */ = {isa = PBXBuildFile; fileRef = BF4D153A63D8E83F245EEFC1 /* Pods_EnglishStudy.framework */; };
		5000E3AE1F9492C000392851 /* QuestionCell.swift in Sources */ = {isa = PBXBuildFile; fileRef = 5000E3AD1F9492C000392851 /* QuestionCell.swift */; };
		5000E3B11F9492EB00392851 /* BaseTableCell.swift in Sources */ = {isa = PBXBuildFile; fileRef = 5000E3B01F9492EB00392851 /* BaseTableCell.swift */; };
		502E264D1F828C19007E6CE4 /* AppDelegate.swift in Sources */ = {isa = PBXBuildFile; fileRef = 502E264C1F828C19007E6CE4 /* AppDelegate.swift */; };
		502E264F1F828C19007E6CE4 /* ViewController.swift in Sources */ = {isa = PBXBuildFile; fileRef = 502E264E1F828C19007E6CE4 /* ViewController.swift */; };
		502E26521F828C19007E6CE4 /* Main.storyboard in Resources */ = {isa = PBXBuildFile; fileRef = 502E26501F828C19007E6CE4 /* Main.storyboard */; };
		502E26541F828C19007E6CE4 /* Assets.xcassets in Resources */ = {isa = PBXBuildFile; fileRef = 502E26531F828C19007E6CE4 /* Assets.xcassets */; };
		502E26571F828C19007E6CE4 /* LaunchScreen.storyboard in Resources */ = {isa = PBXBuildFile; fileRef = 502E26551F828C19007E6CE4 /* LaunchScreen.storyboard */; };
		502E26621F828C19007E6CE4 /* EnglishStudyTests.swift in Sources */ = {isa = PBXBuildFile; fileRef = 502E26611F828C19007E6CE4 /* EnglishStudyTests.swift */; };
		502E266D1F828C19007E6CE4 /* EnglishStudyUITests.swift in Sources */ = {isa = PBXBuildFile; fileRef = 502E266C1F828C19007E6CE4 /* EnglishStudyUITests.swift */; };
		5035292F1F851000001E8D19 /* BaseController.swift in Sources */ = {isa = PBXBuildFile; fileRef = 5035292E1F851000001E8D19 /* BaseController.swift */; };
		5084E0B71F868CD80079D169 /* NSObject+Extension.swift in Sources */ = {isa = PBXBuildFile; fileRef = 5084E0B61F868CD80079D169 /* NSObject+Extension.swift */; };
		5084E0F41F8C66990079D169 /* VCQuestionScreen.swift in Sources */ = {isa = PBXBuildFile; fileRef = 5084E0F31F8C66990079D169 /* VCQuestionScreen.swift */; };
		5084E0F91F8C67A30079D169 /* BaseObject.swift in Sources */ = {isa = PBXBuildFile; fileRef = 5084E0F81F8C67A30079D169 /* BaseObject.swift */; };
		5084E0FC1F8CE4760079D169 /* QuestionItem.swift in Sources */ = {isa = PBXBuildFile; fileRef = 5084E0FB1F8CE4760079D169 /* QuestionItem.swift */; };
		5084E0FE1F8CE6CB0079D169 /* TestItem.swift in Sources */ = {isa = PBXBuildFile; fileRef = 5084E0FD1F8CE6CB0079D169 /* TestItem.swift */; };
		A0306005BB5BE1930052B650 /* Pods_EnglishStudyUITests.framework in Frameworks */ = {isa = PBXBuildFile; fileRef = 69395702BEA406801870092F /* Pods_EnglishStudyUITests.framework */; };
		D6E98DE90F2A3BE65FD5D446 /* Pods_EnglishStudyTests.framework in Frameworks */ = {isa = PBXBuildFile; fileRef = 1C3A4214ED63A89AE5CBCF9E /* Pods_EnglishStudyTests.framework */; };
/* End PBXBuildFile section */

/* Begin PBXContainerItemProxy section */
		502E265E1F828C19007E6CE4 /* PBXContainerItemProxy */ = {
			isa = PBXContainerItemProxy;
			containerPortal = 502E26411F828C19007E6CE4 /* Project object */;
			proxyType = 1;
			remoteGlobalIDString = 502E26481F828C19007E6CE4;
			remoteInfo = EnglishStudy;
		};
		502E26691F828C19007E6CE4 /* PBXContainerItemProxy */ = {
			isa = PBXContainerItemProxy;
			containerPortal = 502E26411F828C19007E6CE4 /* Project object */;
			proxyType = 1;
			remoteGlobalIDString = 502E26481F828C19007E6CE4;
			remoteInfo = EnglishStudy;
		};
/* End PBXContainerItemProxy section */

/* Begin PBXFileReference section */
		06CF8C1D8A0DF7F929B02877 /* Pods-EnglishStudyTests.release.xcconfig */ = {isa = PBXFileReference; includeInIndex = 1; lastKnownFileType = text.xcconfig; name = "Pods-EnglishStudyTests.release.xcconfig"; path = "Pods/Target Support Files/Pods-EnglishStudyTests/Pods-EnglishStudyTests.release.xcconfig"; sourceTree = "<group>"; };
		1C3A4214ED63A89AE5CBCF9E /* Pods_EnglishStudyTests.framework */ = {isa = PBXFileReference; explicitFileType = wrapper.framework; includeInIndex = 0; path = Pods_EnglishStudyTests.framework; sourceTree = BUILT_PRODUCTS_DIR; };
		2CB23413846DF6F7382F1042 /* Pods-EnglishStudyUITests.release.xcconfig */ = {isa = PBXFileReference; includeInIndex = 1; lastKnownFileType = text.xcconfig; name = "Pods-EnglishStudyUITests.release.xcconfig"; path = "Pods/Target Support Files/Pods-EnglishStudyUITests/Pods-EnglishStudyUITests.release.xcconfig"; sourceTree = "<group>"; };
		5000E3AD1F9492C000392851 /* QuestionCell.swift */ = {isa = PBXFileReference; lastKnownFileType = sourcecode.swift; path = QuestionCell.swift; sourceTree = "<group>"; };
		5000E3B01F9492EB00392851 /* BaseTableCell.swift */ = {isa = PBXFileReference; lastKnownFileType = sourcecode.swift; path = BaseTableCell.swift; sourceTree = "<group>"; };
		502E26491F828C19007E6CE4 /* EnglishStudy.app */ = {isa = PBXFileReference; explicitFileType = wrapper.application; includeInIndex = 0; path = EnglishStudy.app; sourceTree = BUILT_PRODUCTS_DIR; };
		502E264C1F828C19007E6CE4 /* AppDelegate.swift */ = {isa = PBXFileReference; lastKnownFileType = sourcecode.swift; path = AppDelegate.swift; sourceTree = "<group>"; };
		502E264E1F828C19007E6CE4 /* ViewController.swift */ = {isa = PBXFileReference; lastKnownFileType = sourcecode.swift; path = ViewController.swift; sourceTree = "<group>"; };
		502E26511F828C19007E6CE4 /* Base */ = {isa = PBXFileReference; lastKnownFileType = file.storyboard; name = Base; path = Base.lproj/Main.storyboard; sourceTree = "<group>"; };
		502E26531F828C19007E6CE4 /* Assets.xcassets */ = {isa = PBXFileReference; lastKnownFileType = folder.assetcatalog; path = Assets.xcassets; sourceTree = "<group>"; };
		502E26561F828C19007E6CE4 /* Base */ = {isa = PBXFileReference; lastKnownFileType = file.storyboard; name = Base; path = Base.lproj/LaunchScreen.storyboard; sourceTree = "<group>"; };
		502E26581F828C19007E6CE4 /* Info.plist */ = {isa = PBXFileReference; lastKnownFileType = text.plist.xml; path = Info.plist; sourceTree = "<group>"; };
		502E265D1F828C19007E6CE4 /* EnglishStudyTests.xctest */ = {isa = PBXFileReference; explicitFileType = wrapper.cfbundle; includeInIndex = 0; path = EnglishStudyTests.xctest; sourceTree = BUILT_PRODUCTS_DIR; };
		502E26611F828C19007E6CE4 /* EnglishStudyTests.swift */ = {isa = PBXFileReference; lastKnownFileType = sourcecode.swift; path = EnglishStudyTests.swift; sourceTree = "<group>"; };
		502E26631F828C19007E6CE4 /* Info.plist */ = {isa = PBXFileReference; lastKnownFileType = text.plist.xml; path = Info.plist; sourceTree = "<group>"; };
		502E26681F828C19007E6CE4 /* EnglishStudyUITests.xctest */ = {isa = PBXFileReference; explicitFileType = wrapper.cfbundle; includeInIndex = 0; path = EnglishStudyUITests.xctest; sourceTree = BUILT_PRODUCTS_DIR; };
		502E266C1F828C19007E6CE4 /* EnglishStudyUITests.swift */ = {isa = PBXFileReference; lastKnownFileType = sourcecode.swift; path = EnglishStudyUITests.swift; sourceTree = "<group>"; };
		502E266E1F828C19007E6CE4 /* Info.plist */ = {isa = PBXFileReference; lastKnownFileType = text.plist.xml; path = Info.plist; sourceTree = "<group>"; };
		5035292E1F851000001E8D19 /* BaseController.swift */ = {isa = PBXFileReference; lastKnownFileType = sourcecode.swift; path = BaseController.swift; sourceTree = "<group>"; };
		5084E0B61F868CD80079D169 /* NSObject+Extension.swift */ = {isa = PBXFileReference; lastKnownFileType = sourcecode.swift; path = "NSObject+Extension.swift"; sourceTree = "<group>"; };
		5084E0F31F8C66990079D169 /* VCQuestionScreen.swift */ = {isa = PBXFileReference; lastKnownFileType = sourcecode.swift; path = VCQuestionScreen.swift; sourceTree = "<group>"; };
		5084E0F81F8C67A30079D169 /* BaseObject.swift */ = {isa = PBXFileReference; lastKnownFileType = sourcecode.swift; path = BaseObject.swift; sourceTree = "<group>"; };
		5084E0FB1F8CE4760079D169 /* QuestionItem.swift */ = {isa = PBXFileReference; lastKnownFileType = sourcecode.swift; path = QuestionItem.swift; sourceTree = "<group>"; };
		5084E0FD1F8CE6CB0079D169 /* TestItem.swift */ = {isa = PBXFileReference; lastKnownFileType = sourcecode.swift; path = TestItem.swift; sourceTree = "<group>"; };
		69395702BEA406801870092F /* Pods_EnglishStudyUITests.framework */ = {isa = PBXFileReference; explicitFileType = wrapper.framework; includeInIndex = 0; path = Pods_EnglishStudyUITests.framework; sourceTree = BUILT_PRODUCTS_DIR; };
		962B56435C09ECAE454762DB /* Pods-EnglishStudyTests.debug.xcconfig */ = {isa = PBXFileReference; includeInIndex = 1; lastKnownFileType = text.xcconfig; name = "Pods-EnglishStudyTests.debug.xcconfig"; path = "Pods/Target Support Files/Pods-EnglishStudyTests/Pods-EnglishStudyTests.debug.xcconfig"; sourceTree = "<group>"; };
		A3C7AB2D50E874A25706AC99 /* Pods-EnglishStudyUITests.debug.xcconfig */ = {isa = PBXFileReference; includeInIndex = 1; lastKnownFileType = text.xcconfig; name = "Pods-EnglishStudyUITests.debug.xcconfig"; path = "Pods/Target Support Files/Pods-EnglishStudyUITests/Pods-EnglishStudyUITests.debug.xcconfig"; sourceTree = "<group>"; };
		AC7146DC4C5D8681E6901C5A /* Pods-EnglishStudy.release.xcconfig */ = {isa = PBXFileReference; includeInIndex = 1; lastKnownFileType = text.xcconfig; name = "Pods-EnglishStudy.release.xcconfig"; path = "Pods/Target Support Files/Pods-EnglishStudy/Pods-EnglishStudy.release.xcconfig"; sourceTree = "<group>"; };
		BF4D153A63D8E83F245EEFC1 /* Pods_EnglishStudy.framework */ = {isa = PBXFileReference; explicitFileType = wrapper.framework; includeInIndex = 0; path = Pods_EnglishStudy.framework; sourceTree = BUILT_PRODUCTS_DIR; };
		D990CC0DEC761E7A487933BC /* Pods-EnglishStudy.debug.xcconfig */ = {isa = PBXFileReference; includeInIndex = 1; lastKnownFileType = text.xcconfig; name = "Pods-EnglishStudy.debug.xcconfig"; path = "Pods/Target Support Files/Pods-EnglishStudy/Pods-EnglishStudy.debug.xcconfig"; sourceTree = "<group>"; };
/* End PBXFileReference section */

/* Begin PBXFrameworksBuildPhase section */
		502E26461F828C19007E6CE4 /* Frameworks */ = {
			isa = PBXFrameworksBuildPhase;
			buildActionMask = 2147483647;
			files = (
				2F801924CB404E4635C84294 /* Pods_EnglishStudy.framework in Frameworks */,
			);
			runOnlyForDeploymentPostprocessing = 0;
		};
		502E265A1F828C19007E6CE4 /* Frameworks */ = {
			isa = PBXFrameworksBuildPhase;
			buildActionMask = 2147483647;
			files = (
				D6E98DE90F2A3BE65FD5D446 /* Pods_EnglishStudyTests.framework in Frameworks */,
			);
			runOnlyForDeploymentPostprocessing = 0;
		};
		502E26651F828C19007E6CE4 /* Frameworks */ = {
			isa = PBXFrameworksBuildPhase;
			buildActionMask = 2147483647;
			files = (
				A0306005BB5BE1930052B650 /* Pods_EnglishStudyUITests.framework in Frameworks */,
			);
			runOnlyForDeploymentPostprocessing = 0;
		};
/* End PBXFrameworksBuildPhase section */

/* Begin PBXGroup section */
		4D966469587CFB17DBF64300 /* Frameworks */ = {
			isa = PBXGroup;
			children = (
				BF4D153A63D8E83F245EEFC1 /* Pods_EnglishStudy.framework */,
				1C3A4214ED63A89AE5CBCF9E /* Pods_EnglishStudyTests.framework */,
				69395702BEA406801870092F /* Pods_EnglishStudyUITests.framework */,
			);
			name = Frameworks;
			sourceTree = "<group>";
		};
		5000E3AA1F94928600392851 /* Cell */ = {
			isa = PBXGroup;
			children = (
				5000E3AD1F9492C000392851 /* QuestionCell.swift */,
			);
			path = Cell;
			sourceTree = "<group>";
		};
		5000E3AF1F9492D500392851 /* TableViewCell */ = {
			isa = PBXGroup;
			children = (
				5000E3B01F9492EB00392851 /* BaseTableCell.swift */,
			);
			path = TableViewCell;
			sourceTree = "<group>";
		};
		502E26401F828C19007E6CE4 = {
			isa = PBXGroup;
			children = (
				502E264B1F828C19007E6CE4 /* EnglishStudy */,
				502E26601F828C19007E6CE4 /* EnglishStudyTests */,
				502E266B1F828C19007E6CE4 /* EnglishStudyUITests */,
				502E264A1F828C19007E6CE4 /* Products */,
				F0DB37072F0EF2B5D7C73ACC /* Pods */,
				4D966469587CFB17DBF64300 /* Frameworks */,
			);
			sourceTree = "<group>";
		};
		502E264A1F828C19007E6CE4 /* Products */ = {
			isa = PBXGroup;
			children = (
				502E26491F828C19007E6CE4 /* EnglishStudy.app */,
				502E265D1F828C19007E6CE4 /* EnglishStudyTests.xctest */,
				502E26681F828C19007E6CE4 /* EnglishStudyUITests.xctest */,
			);
			name = Products;
			sourceTree = "<group>";
		};
		502E264B1F828C19007E6CE4 /* EnglishStudy */ = {
			isa = PBXGroup;
			children = (
				5035292B1F85088B001E8D19 /* Class */,
				502E264C1F828C19007E6CE4 /* AppDelegate.swift */,
				502E264E1F828C19007E6CE4 /* ViewController.swift */,
				502E26501F828C19007E6CE4 /* Main.storyboard */,
				502E26531F828C19007E6CE4 /* Assets.xcassets */,
				502E26551F828C19007E6CE4 /* LaunchScreen.storyboard */,
				502E26581F828C19007E6CE4 /* Info.plist */,
			);
			path = EnglishStudy;
			sourceTree = "<group>";
		};
		502E26601F828C19007E6CE4 /* EnglishStudyTests */ = {
			isa = PBXGroup;
			children = (
				502E26611F828C19007E6CE4 /* EnglishStudyTests.swift */,
				502E26631F828C19007E6CE4 /* Info.plist */,
			);
			path = EnglishStudyTests;
			sourceTree = "<group>";
		};
		502E266B1F828C19007E6CE4 /* EnglishStudyUITests */ = {
			isa = PBXGroup;
			children = (
				502E266C1F828C19007E6CE4 /* EnglishStudyUITests.swift */,
				502E266E1F828C19007E6CE4 /* Info.plist */,
			);
			path = EnglishStudyUITests;
			sourceTree = "<group>";
		};
		5035292B1F85088B001E8D19 /* Class */ = {
			isa = PBXGroup;
			children = (
				5084E0FA1F8C67C50079D169 /* Model */,
				5084E0F51F8C66D60079D169 /* Util */,
				5084E0F21F8C666F0079D169 /* Controller */,
				5084E0B51F868CBC0079D169 /* Extension */,
				5035292C1F850FDA001E8D19 /* BaseClass */,
			);
			path = Class;
			sourceTree = "<group>";
		};
		5035292C1F850FDA001E8D19 /* BaseClass */ = {
			isa = PBXGroup;
			children = (
				5000E3AF1F9492D500392851 /* TableViewCell */,
				5084E0F71F8C678E0079D169 /* Model */,
				5035292D1F850FF0001E8D19 /* Controller */,
			);
			path = BaseClass;
			sourceTree = "<group>";
		};
		5035292D1F850FF0001E8D19 /* Controller */ = {
			isa = PBXGroup;
			children = (
				5035292E1F851000001E8D19 /* BaseController.swift */,
			);
			path = Controller;
			sourceTree = "<group>";
		};
		5084E0B51F868CBC0079D169 /* Extension */ = {
			isa = PBXGroup;
			children = (
				5084E0B61F868CD80079D169 /* NSObject+Extension.swift */,
			);
			path = Extension;
			sourceTree = "<group>";
		};
		5084E0F21F8C666F0079D169 /* Controller */ = {
			isa = PBXGroup;
			children = (
				5084E0F61F8C674C0079D169 /* VCQuestionScreen */,
			);
			path = Controller;
			sourceTree = "<group>";
		};
		5084E0F51F8C66D60079D169 /* Util */ = {
			isa = PBXGroup;
			children = (
			);
			path = Util;
			sourceTree = "<group>";
		};
		5084E0F61F8C674C0079D169 /* VCQuestionScreen */ = {
			isa = PBXGroup;
			children = (
				5000E3AA1F94928600392851 /* Cell */,
				5084E0F31F8C66990079D169 /* VCQuestionScreen.swift */,
			);
			path = VCQuestionScreen;
			sourceTree = "<group>";
		};
		5084E0F71F8C678E0079D169 /* Model */ = {
			isa = PBXGroup;
			children = (
				5084E0F81F8C67A30079D169 /* BaseObject.swift */,
			);
			path = Model;
			sourceTree = "<group>";
		};
		5084E0FA1F8C67C50079D169 /* Model */ = {
			isa = PBXGroup;
			children = (
				5084E0FB1F8CE4760079D169 /* QuestionItem.swift */,
				5084E0FD1F8CE6CB0079D169 /* TestItem.swift */,
			);
			path = Model;
			sourceTree = "<group>";
		};
		F0DB37072F0EF2B5D7C73ACC /* Pods */ = {
			isa = PBXGroup;
			children = (
				D990CC0DEC761E7A487933BC /* Pods-EnglishStudy.debug.xcconfig */,
				AC7146DC4C5D8681E6901C5A /* Pods-EnglishStudy.release.xcconfig */,
				962B56435C09ECAE454762DB /* Pods-EnglishStudyTests.debug.xcconfig */,
				06CF8C1D8A0DF7F929B02877 /* Pods-EnglishStudyTests.release.xcconfig */,
				A3C7AB2D50E874A25706AC99 /* Pods-EnglishStudyUITests.debug.xcconfig */,
				2CB23413846DF6F7382F1042 /* Pods-EnglishStudyUITests.release.xcconfig */,
			);
			name = Pods;
			sourceTree = "<group>";
		};
/* End PBXGroup section */

/* Begin PBXNativeTarget section */
		502E26481F828C19007E6CE4 /* EnglishStudy */ = {
			isa = PBXNativeTarget;
			buildConfigurationList = 502E26711F828C19007E6CE4 /* Build configuration list for PBXNativeTarget "EnglishStudy" */;
			buildPhases = (
				1B9D1F3D2F1AC2FFD76D6908 /* [CP] Check Pods Manifest.lock */,
				502E26451F828C19007E6CE4 /* Sources */,
				502E26461F828C19007E6CE4 /* Frameworks */,
				502E26471F828C19007E6CE4 /* Resources */,
				CF547DC83483737BE10E9452 /* [CP] Embed Pods Frameworks */,
				1AF42862A43557AA875C5F4E /* [CP] Copy Pods Resources */,
			);
			buildRules = (
			);
			dependencies = (
			);
			name = EnglishStudy;
			productName = EnglishStudy;
			productReference = 502E26491F828C19007E6CE4 /* EnglishStudy.app */;
			productType = "com.apple.product-type.application";
		};
		502E265C1F828C19007E6CE4 /* EnglishStudyTests */ = {
			isa = PBXNativeTarget;
			buildConfigurationList = 502E26741F828C19007E6CE4 /* Build configuration list for PBXNativeTarget "EnglishStudyTests" */;
			buildPhases = (
				0AA6943C2FDCC9639AA54057 /* [CP] Check Pods Manifest.lock */,
				502E26591F828C19007E6CE4 /* Sources */,
				502E265A1F828C19007E6CE4 /* Frameworks */,
				502E265B1F828C19007E6CE4 /* Resources */,
				BF5BB2D5948EB1BEA641221F /* [CP] Embed Pods Frameworks */,
				50D3449D65341EECCEA862BC /* [CP] Copy Pods Resources */,
			);
			buildRules = (
			);
			dependencies = (
				502E265F1F828C19007E6CE4 /* PBXTargetDependency */,
			);
			name = EnglishStudyTests;
			productName = EnglishStudyTests;
			productReference = 502E265D1F828C19007E6CE4 /* EnglishStudyTests.xctest */;
			productType = "com.apple.product-type.bundle.unit-test";
		};
		502E26671F828C19007E6CE4 /* EnglishStudyUITests */ = {
			isa = PBXNativeTarget;
			buildConfigurationList = 502E26771F828C19007E6CE4 /* Build configuration list for PBXNativeTarget "EnglishStudyUITests" */;
			buildPhases = (
				9734582EF329CE52A65D69E4 /* [CP] Check Pods Manifest.lock */,
				502E26641F828C19007E6CE4 /* Sources */,
				502E26651F828C19007E6CE4 /* Frameworks */,
				502E26661F828C19007E6CE4 /* Resources */,
				BB2EA811F23E56C405731B19 /* [CP] Embed Pods Frameworks */,
				83378A9E3D0C01B2CF652FC1 /* [CP] Copy Pods Resources */,
			);
			buildRules = (
			);
			dependencies = (
				502E266A1F828C19007E6CE4 /* PBXTargetDependency */,
			);
			name = EnglishStudyUITests;
			productName = EnglishStudyUITests;
			productReference = 502E26681F828C19007E6CE4 /* EnglishStudyUITests.xctest */;
			productType = "com.apple.product-type.bundle.ui-testing";
		};
/* End PBXNativeTarget section */

/* Begin PBXProject section */
		502E26411F828C19007E6CE4 /* Project object */ = {
			isa = PBXProject;
			attributes = {
				LastSwiftUpdateCheck = 0900;
				LastUpgradeCheck = 0900;
				ORGANIZATIONNAME = "Neo Nguyen";
				TargetAttributes = {
					502E26481F828C19007E6CE4 = {
						CreatedOnToolsVersion = 9.0;
						ProvisioningStyle = Manual;
					};
					502E265C1F828C19007E6CE4 = {
						CreatedOnToolsVersion = 9.0;
						ProvisioningStyle = Automatic;
						TestTargetID = 502E26481F828C19007E6CE4;
					};
					502E26671F828C19007E6CE4 = {
						CreatedOnToolsVersion = 9.0;
						ProvisioningStyle = Automatic;
						TestTargetID = 502E26481F828C19007E6CE4;
					};
				};
			};
			buildConfigurationList = 502E26441F828C19007E6CE4 /* Build configuration list for PBXProject "EnglishStudy" */;
			compatibilityVersion = "Xcode 8.0";
			developmentRegion = en;
			hasScannedForEncodings = 0;
			knownRegions = (
				en,
				Base,
			);
			mainGroup = 502E26401F828C19007E6CE4;
			productRefGroup = 502E264A1F828C19007E6CE4 /* Products */;
			projectDirPath = "";
			projectRoot = "";
			targets = (
				502E26481F828C19007E6CE4 /* EnglishStudy */,
				502E265C1F828C19007E6CE4 /* EnglishStudyTests */,
				502E26671F828C19007E6CE4 /* EnglishStudyUITests */,
			);
		};
/* End PBXProject section */

/* Begin PBXResourcesBuildPhase section */
		502E26471F828C19007E6CE4 /* Resources */ = {
			isa = PBXResourcesBuildPhase;
			buildActionMask = 2147483647;
			files = (
				502E26571F828C19007E6CE4 /* LaunchScreen.storyboard in Resources */,
				502E26541F828C19007E6CE4 /* Assets.xcassets in Resources */,
				502E26521F828C19007E6CE4 /* Main.storyboard in Resources */,
			);
			runOnlyForDeploymentPostprocessing = 0;
		};
		502E265B1F828C19007E6CE4 /* Resources */ = {
			isa = PBXResourcesBuildPhase;
			buildActionMask = 2147483647;
			files = (
			);
			runOnlyForDeploymentPostprocessing = 0;
		};
		502E26661F828C19007E6CE4 /* Resources */ = {
			isa = PBXResourcesBuildPhase;
			buildActionMask = 2147483647;
			files = (
			);
			runOnlyForDeploymentPostprocessing = 0;
		};
/* End PBXResourcesBuildPhase section */

/* Begin PBXShellScriptBuildPhase section */
		0AA6943C2FDCC9639AA54057 /* [CP] Check Pods Manifest.lock */ = {
			isa = PBXShellScriptBuildPhase;
			buildActionMask = 2147483647;
			files = (
			);
			inputPaths = (
			);
			name = "[CP] Check Pods Manifest.lock";
			outputPaths = (
			);
			runOnlyForDeploymentPostprocessing = 0;
			shellPath = /bin/sh;
			shellScript = "diff \"${PODS_PODFILE_DIR_PATH}/Podfile.lock\" \"${PODS_ROOT}/Manifest.lock\" > /dev/null\nif [ $? != 0 ] ; then\n    # print error to STDERR\n    echo \"error: The sandbox is not in sync with the Podfile.lock. Run 'pod install' or update your CocoaPods installation.\" >&2\n    exit 1\nfi\n";
			showEnvVarsInLog = 0;
		};
		1AF42862A43557AA875C5F4E /* [CP] Copy Pods Resources */ = {
			isa = PBXShellScriptBuildPhase;
			buildActionMask = 2147483647;
			files = (
			);
			inputPaths = (
			);
			name = "[CP] Copy Pods Resources";
			outputPaths = (
			);
			runOnlyForDeploymentPostprocessing = 0;
			shellPath = /bin/sh;
			shellScript = "\"${SRCROOT}/Pods/Target Support Files/Pods-EnglishStudy/Pods-EnglishStudy-resources.sh\"\n";
			showEnvVarsInLog = 0;
		};
		1B9D1F3D2F1AC2FFD76D6908 /* [CP] Check Pods Manifest.lock */ = {
			isa = PBXShellScriptBuildPhase;
			buildActionMask = 2147483647;
			files = (
			);
			inputPaths = (
			);
			name = "[CP] Check Pods Manifest.lock";
			outputPaths = (
			);
			runOnlyForDeploymentPostprocessing = 0;
			shellPath = /bin/sh;
			shellScript = "diff \"${PODS_PODFILE_DIR_PATH}/Podfile.lock\" \"${PODS_ROOT}/Manifest.lock\" > /dev/null\nif [ $? != 0 ] ; then\n    # print error to STDERR\n    echo \"error: The sandbox is not in sync with the Podfile.lock. Run 'pod install' or update your CocoaPods installation.\" >&2\n    exit 1\nfi\n";
			showEnvVarsInLog = 0;
		};
		50D3449D65341EECCEA862BC /* [CP] Copy Pods Resources */ = {
			isa = PBXShellScriptBuildPhase;
			buildActionMask = 2147483647;
			files = (
			);
			inputPaths = (
			);
			name = "[CP] Copy Pods Resources";
			outputPaths = (
			);
			runOnlyForDeploymentPostprocessing = 0;
			shellPath = /bin/sh;
			shellScript = "\"${SRCROOT}/Pods/Target Support Files/Pods-EnglishStudyTests/Pods-EnglishStudyTests-resources.sh\"\n";
			showEnvVarsInLog = 0;
		};
		83378A9E3D0C01B2CF652FC1 /* [CP] Copy Pods Resources */ = {
			isa = PBXShellScriptBuildPhase;
			buildActionMask = 2147483647;
			files = (
			);
			inputPaths = (
			);
			name = "[CP] Copy Pods Resources";
			outputPaths = (
			);
			runOnlyForDeploymentPostprocessing = 0;
			shellPath = /bin/sh;
			shellScript = "\"${SRCROOT}/Pods/Target Support Files/Pods-EnglishStudyUITests/Pods-EnglishStudyUITests-resources.sh\"\n";
			showEnvVarsInLog = 0;
		};
		9734582EF329CE52A65D69E4 /* [CP] Check Pods Manifest.lock */ = {
			isa = PBXShellScriptBuildPhase;
			buildActionMask = 2147483647;
			files = (
			);
			inputPaths = (
			);
			name = "[CP] Check Pods Manifest.lock";
			outputPaths = (
			);
			runOnlyForDeploymentPostprocessing = 0;
			shellPath = /bin/sh;
			shellScript = "diff \"${PODS_PODFILE_DIR_PATH}/Podfile.lock\" \"${PODS_ROOT}/Manifest.lock\" > /dev/null\nif [ $? != 0 ] ; then\n    # print error to STDERR\n    echo \"error: The sandbox is not in sync with the Podfile.lock. Run 'pod install' or update your CocoaPods installation.\" >&2\n    exit 1\nfi\n";
			showEnvVarsInLog = 0;
		};
		BB2EA811F23E56C405731B19 /* [CP] Embed Pods Frameworks */ = {
			isa = PBXShellScriptBuildPhase;
			buildActionMask = 2147483647;
			files = (
			);
			inputPaths = (
			);
			name = "[CP] Embed Pods Frameworks";
			outputPaths = (
			);
			runOnlyForDeploymentPostprocessing = 0;
			shellPath = /bin/sh;
			shellScript = "\"${SRCROOT}/Pods/Target Support Files/Pods-EnglishStudyUITests/Pods-EnglishStudyUITests-frameworks.sh\"\n";
			showEnvVarsInLog = 0;
		};
		BF5BB2D5948EB1BEA641221F /* [CP] Embed Pods Frameworks */ = {
			isa = PBXShellScriptBuildPhase;
			buildActionMask = 2147483647;
			files = (
			);
			inputPaths = (
			);
			name = "[CP] Embed Pods Frameworks";
			outputPaths = (
			);
			runOnlyForDeploymentPostprocessing = 0;
			shellPath = /bin/sh;
			shellScript = "\"${SRCROOT}/Pods/Target Support Files/Pods-EnglishStudyTests/Pods-EnglishStudyTests-frameworks.sh\"\n";
			showEnvVarsInLog = 0;
		};
		CF547DC83483737BE10E9452 /* [CP] Embed Pods Frameworks */ = {
			isa = PBXShellScriptBuildPhase;
			buildActionMask = 2147483647;
			files = (
			);
			inputPaths = (
			);
			name = "[CP] Embed Pods Frameworks";
			outputPaths = (
			);
			runOnlyForDeploymentPostprocessing = 0;
			shellPath = /bin/sh;
			shellScript = "\"${SRCROOT}/Pods/Target Support Files/Pods-EnglishStudy/Pods-EnglishStudy-frameworks.sh\"\n";
			showEnvVarsInLog = 0;
		};
/* End PBXShellScriptBuildPhase section */

/* Begin PBXSourcesBuildPhase section */
		502E26451F828C19007E6CE4 /* Sources */ = {
			isa = PBXSourcesBuildPhase;
			buildActionMask = 2147483647;
			files = (
				5084E0FE1F8CE6CB0079D169 /* TestItem.swift in Sources */,
				502E264F1F828C19007E6CE4 /* ViewController.swift in Sources */,
				5084E0F41F8C66990079D169 /* VCQuestionScreen.swift in Sources */,
				5035292F1F851000001E8D19 /* BaseController.swift in Sources */,
				5084E0FC1F8CE4760079D169 /* QuestionItem.swift in Sources */,
				502E264D1F828C19007E6CE4 /* AppDelegate.swift in Sources */,
				5000E3AE1F9492C000392851 /* QuestionCell.swift in Sources */,
				5000E3B11F9492EB00392851 /* BaseTableCell.swift in Sources */,
				5084E0B71F868CD80079D169 /* NSObject+Extension.swift in Sources */,
				5084E0F91F8C67A30079D169 /* BaseObject.swift in Sources */,
			);
			runOnlyForDeploymentPostprocessing = 0;
		};
		502E26591F828C19007E6CE4 /* Sources */ = {
			isa = PBXSourcesBuildPhase;
			buildActionMask = 2147483647;
			files = (
				502E26621F828C19007E6CE4 /* EnglishStudyTests.swift in Sources */,
			);
			runOnlyForDeploymentPostprocessing = 0;
		};
		502E26641F828C19007E6CE4 /* Sources */ = {
			isa = PBXSourcesBuildPhase;
			buildActionMask = 2147483647;
			files = (
				502E266D1F828C19007E6CE4 /* EnglishStudyUITests.swift in Sources */,
			);
			runOnlyForDeploymentPostprocessing = 0;
		};
/* End PBXSourcesBuildPhase section */

/* Begin PBXTargetDependency section */
		502E265F1F828C19007E6CE4 /* PBXTargetDependency */ = {
			isa = PBXTargetDependency;
			target = 502E26481F828C19007E6CE4 /* EnglishStudy */;
			targetProxy = 502E265E1F828C19007E6CE4 /* PBXContainerItemProxy */;
		};
		502E266A1F828C19007E6CE4 /* PBXTargetDependency */ = {
			isa = PBXTargetDependency;
			target = 502E26481F828C19007E6CE4 /* EnglishStudy */;
			targetProxy = 502E26691F828C19007E6CE4 /* PBXContainerItemProxy */;
		};
/* End PBXTargetDependency section */

/* Begin PBXVariantGroup section */
		502E26501F828C19007E6CE4 /* Main.storyboard */ = {
			isa = PBXVariantGroup;
			children = (
				502E26511F828C19007E6CE4 /* Base */,
			);
			name = Main.storyboard;
			sourceTree = "<group>";
		};
		502E26551F828C19007E6CE4 /* LaunchScreen.storyboard */ = {
			isa = PBXVariantGroup;
			children = (
				502E26561F828C19007E6CE4 /* Base */,
			);
			name = LaunchScreen.storyboard;
			sourceTree = "<group>";
		};
/* End PBXVariantGroup section */

/* Begin XCBuildConfiguration section */
		502E266F1F828C19007E6CE4 /* Debug */ = {
			isa = XCBuildConfiguration;
			buildSettings = {
				ALWAYS_SEARCH_USER_PATHS = NO;
				CLANG_ANALYZER_NONNULL = YES;
				CLANG_ANALYZER_NUMBER_OBJECT_CONVERSION = YES_AGGRESSIVE;
				CLANG_CXX_LANGUAGE_STANDARD = "gnu++14";
				CLANG_CXX_LIBRARY = "libc++";
				CLANG_ENABLE_MODULES = YES;
				CLANG_ENABLE_OBJC_ARC = YES;
				CLANG_WARN_BLOCK_CAPTURE_AUTORELEASING = YES;
				CLANG_WARN_BOOL_CONVERSION = YES;
				CLANG_WARN_COMMA = YES;
				CLANG_WARN_CONSTANT_CONVERSION = YES;
				CLANG_WARN_DIRECT_OBJC_ISA_USAGE = YES_ERROR;
				CLANG_WARN_DOCUMENTATION_COMMENTS = YES;
				CLANG_WARN_EMPTY_BODY = YES;
				CLANG_WARN_ENUM_CONVERSION = YES;
				CLANG_WARN_INFINITE_RECURSION = YES;
				CLANG_WARN_INT_CONVERSION = YES;
				CLANG_WARN_NON_LITERAL_NULL_CONVERSION = YES;
				CLANG_WARN_OBJC_LITERAL_CONVERSION = YES;
				CLANG_WARN_OBJC_ROOT_CLASS = YES_ERROR;
				CLANG_WARN_RANGE_LOOP_ANALYSIS = YES;
				CLANG_WARN_STRICT_PROTOTYPES = YES;
				CLANG_WARN_SUSPICIOUS_MOVE = YES;
				CLANG_WARN_UNGUARDED_AVAILABILITY = YES_AGGRESSIVE;
				CLANG_WARN_UNREACHABLE_CODE = YES;
				CLANG_WARN__DUPLICATE_METHOD_MATCH = YES;
				CODE_SIGN_IDENTITY = "iPhone Developer";
				COPY_PHASE_STRIP = NO;
				DEBUG_INFORMATION_FORMAT = dwarf;
				ENABLE_STRICT_OBJC_MSGSEND = YES;
				ENABLE_TESTABILITY = YES;
				GCC_C_LANGUAGE_STANDARD = gnu11;
				GCC_DYNAMIC_NO_PIC = NO;
				GCC_NO_COMMON_BLOCKS = YES;
				GCC_OPTIMIZATION_LEVEL = 0;
				GCC_PREPROCESSOR_DEFINITIONS = (
					"DEBUG=1",
					"$(inherited)",
				);
				GCC_WARN_64_TO_32_BIT_CONVERSION = YES;
				GCC_WARN_ABOUT_RETURN_TYPE = YES_ERROR;
				GCC_WARN_UNDECLARED_SELECTOR = YES;
				GCC_WARN_UNINITIALIZED_AUTOS = YES_AGGRESSIVE;
				GCC_WARN_UNUSED_FUNCTION = YES;
				GCC_WARN_UNUSED_VARIABLE = YES;
				IPHONEOS_DEPLOYMENT_TARGET = 11.0;
				MTL_ENABLE_DEBUG_INFO = YES;
				ONLY_ACTIVE_ARCH = YES;
				SDKROOT = iphoneos;
				SWIFT_ACTIVE_COMPILATION_CONDITIONS = DEBUG;
				SWIFT_OPTIMIZATION_LEVEL = "-Onone";
			};
			name = Debug;
		};
		502E26701F828C19007E6CE4 /* Release */ = {
			isa = XCBuildConfiguration;
			buildSettings = {
				ALWAYS_SEARCH_USER_PATHS = NO;
				CLANG_ANALYZER_NONNULL = YES;
				CLANG_ANALYZER_NUMBER_OBJECT_CONVERSION = YES_AGGRESSIVE;
				CLANG_CXX_LANGUAGE_STANDARD = "gnu++14";
				CLANG_CXX_LIBRARY = "libc++";
				CLANG_ENABLE_MODULES = YES;
				CLANG_ENABLE_OBJC_ARC = YES;
				CLANG_WARN_BLOCK_CAPTURE_AUTORELEASING = YES;
				CLANG_WARN_BOOL_CONVERSION = YES;
				CLANG_WARN_COMMA = YES;
				CLANG_WARN_CONSTANT_CONVERSION = YES;
				CLANG_WARN_DIRECT_OBJC_ISA_USAGE = YES_ERROR;
				CLANG_WARN_DOCUMENTATION_COMMENTS = YES;
				CLANG_WARN_EMPTY_BODY = YES;
				CLANG_WARN_ENUM_CONVERSION = YES;
				CLANG_WARN_INFINITE_RECURSION = YES;
				CLANG_WARN_INT_CONVERSION = YES;
				CLANG_WARN_NON_LITERAL_NULL_CONVERSION = YES;
				CLANG_WARN_OBJC_LITERAL_CONVERSION = YES;
				CLANG_WARN_OBJC_ROOT_CLASS = YES_ERROR;
				CLANG_WARN_RANGE_LOOP_ANALYSIS = YES;
				CLANG_WARN_STRICT_PROTOTYPES = YES;
				CLANG_WARN_SUSPICIOUS_MOVE = YES;
				CLANG_WARN_UNGUARDED_AVAILABILITY = YES_AGGRESSIVE;
				CLANG_WARN_UNREACHABLE_CODE = YES;
				CLANG_WARN__DUPLICATE_METHOD_MATCH = YES;
				CODE_SIGN_IDENTITY = "iPhone Developer";
				COPY_PHASE_STRIP = NO;
				DEBUG_INFORMATION_FORMAT = "dwarf-with-dsym";
				ENABLE_NS_ASSERTIONS = NO;
				ENABLE_STRICT_OBJC_MSGSEND = YES;
				GCC_C_LANGUAGE_STANDARD = gnu11;
				GCC_NO_COMMON_BLOCKS = YES;
				GCC_WARN_64_TO_32_BIT_CONVERSION = YES;
				GCC_WARN_ABOUT_RETURN_TYPE = YES_ERROR;
				GCC_WARN_UNDECLARED_SELECTOR = YES;
				GCC_WARN_UNINITIALIZED_AUTOS = YES_AGGRESSIVE;
				GCC_WARN_UNUSED_FUNCTION = YES;
				GCC_WARN_UNUSED_VARIABLE = YES;
				IPHONEOS_DEPLOYMENT_TARGET = 11.0;
				MTL_ENABLE_DEBUG_INFO = NO;
				SDKROOT = iphoneos;
				SWIFT_OPTIMIZATION_LEVEL = "-Owholemodule";
				VALIDATE_PRODUCT = YES;
			};
			name = Release;
		};
		502E26721F828C19007E6CE4 /* Debug */ = {
			isa = XCBuildConfiguration;
			baseConfigurationReference = D990CC0DEC761E7A487933BC /* Pods-EnglishStudy.debug.xcconfig */;
			buildSettings = {
				ASSETCATALOG_COMPILER_APPICON_NAME = AppIcon;
				CODE_SIGN_STYLE = Manual;
				DEVELOPMENT_TEAM = "";
				INFOPLIST_FILE = EnglishStudy/Info.plist;
				IPHONEOS_DEPLOYMENT_TARGET = 9.0;
				LD_RUNPATH_SEARCH_PATHS = "$(inherited) @executable_path/Frameworks";
				PRODUCT_BUNDLE_IDENTIFIER = com.NQ.EnglishStudy;
				PRODUCT_NAME = "$(TARGET_NAME)";
				PROVISIONING_PROFILE_SPECIFIER = "";
				SWIFT_VERSION = 4.0;
				TARGETED_DEVICE_FAMILY = "1,2";
			};
			name = Debug;
		};
		502E26731F828C19007E6CE4 /* Release */ = {
			isa = XCBuildConfiguration;
			baseConfigurationReference = AC7146DC4C5D8681E6901C5A /* Pods-EnglishStudy.release.xcconfig */;
			buildSettings = {
				ASSETCATALOG_COMPILER_APPICON_NAME = AppIcon;
				CODE_SIGN_STYLE = Manual;
				DEVELOPMENT_TEAM = "";
				INFOPLIST_FILE = EnglishStudy/Info.plist;
				IPHONEOS_DEPLOYMENT_TARGET = 9.0;
				LD_RUNPATH_SEARCH_PATHS = "$(inherited) @executable_path/Frameworks";
				PRODUCT_BUNDLE_IDENTIFIER = com.NQ.EnglishStudy;
				PRODUCT_NAME = "$(TARGET_NAME)";
				PROVISIONING_PROFILE_SPECIFIER = "";
				SWIFT_VERSION = 4.0;
				TARGETED_DEVICE_FAMILY = "1,2";
			};
			name = Release;
		};
		502E26751F828C19007E6CE4 /* Debug */ = {
			isa = XCBuildConfiguration;
			baseConfigurationReference = 962B56435C09ECAE454762DB /* Pods-EnglishStudyTests.debug.xcconfig */;
			buildSettings = {
				ALWAYS_EMBED_SWIFT_STANDARD_LIBRARIES = YES;
				BUNDLE_LOADER = "$(TEST_HOST)";
				CODE_SIGN_STYLE = Automatic;
				DEVELOPMENT_TEAM = UDMPAVQV7F;
				INFOPLIST_FILE = EnglishStudyTests/Info.plist;
				LD_RUNPATH_SEARCH_PATHS = "$(inherited) @executable_path/Frameworks @loader_path/Frameworks";
				PRODUCT_BUNDLE_IDENTIFIER = com.NQ.EnglishStudyTests;
				PRODUCT_NAME = "$(TARGET_NAME)";
				SWIFT_VERSION = 4.0;
				TARGETED_DEVICE_FAMILY = "1,2";
				TEST_HOST = "$(BUILT_PRODUCTS_DIR)/EnglishStudy.app/EnglishStudy";
			};
			name = Debug;
		};
		502E26761F828C19007E6CE4 /* Release */ = {
			isa = XCBuildConfiguration;
			baseConfigurationReference = 06CF8C1D8A0DF7F929B02877 /* Pods-EnglishStudyTests.release.xcconfig */;
			buildSettings = {
				ALWAYS_EMBED_SWIFT_STANDARD_LIBRARIES = YES;
				BUNDLE_LOADER = "$(TEST_HOST)";
				CODE_SIGN_STYLE = Automatic;
				DEVELOPMENT_TEAM = UDMPAVQV7F;
				INFOPLIST_FILE = EnglishStudyTests/Info.plist;
				LD_RUNPATH_SEARCH_PATHS = "$(inherited) @executable_path/Frameworks @loader_path/Frameworks";
				PRODUCT_BUNDLE_IDENTIFIER = com.NQ.EnglishStudyTests;
				PRODUCT_NAME = "$(TARGET_NAME)";
				SWIFT_VERSION = 4.0;
				TARGETED_DEVICE_FAMILY = "1,2";
				TEST_HOST = "$(BUILT_PRODUCTS_DIR)/EnglishStudy.app/EnglishStudy";
			};
			name = Release;
		};
		502E26781F828C19007E6CE4 /* Debug */ = {
			isa = XCBuildConfiguration;
			baseConfigurationReference = A3C7AB2D50E874A25706AC99 /* Pods-EnglishStudyUITests.debug.xcconfig */;
			buildSettings = {
				ALWAYS_EMBED_SWIFT_STANDARD_LIBRARIES = YES;
				CODE_SIGN_STYLE = Automatic;
				DEVELOPMENT_TEAM = UDMPAVQV7F;
				INFOPLIST_FILE = EnglishStudyUITests/Info.plist;
				LD_RUNPATH_SEARCH_PATHS = "$(inherited) @executable_path/Frameworks @loader_path/Frameworks";
				PRODUCT_BUNDLE_IDENTIFIER = com.NQ.EnglishStudyUITests;
				PRODUCT_NAME = "$(TARGET_NAME)";
				SWIFT_VERSION = 4.0;
				TARGETED_DEVICE_FAMILY = "1,2";
				TEST_TARGET_NAME = EnglishStudy;
			};
			name = Debug;
		};
		502E26791F828C19007E6CE4 /* Release */ = {
			isa = XCBuildConfiguration;
			baseConfigurationReference = 2CB23413846DF6F7382F1042 /* Pods-EnglishStudyUITests.release.xcconfig */;
			buildSettings = {
				ALWAYS_EMBED_SWIFT_STANDARD_LIBRARIES = YES;
				CODE_SIGN_STYLE = Automatic;
				DEVELOPMENT_TEAM = UDMPAVQV7F;
				INFOPLIST_FILE = EnglishStudyUITests/Info.plist;
				LD_RUNPATH_SEARCH_PATHS = "$(inherited) @executable_path/Frameworks @loader_path/Frameworks";
				PRODUCT_BUNDLE_IDENTIFIER = com.NQ.EnglishStudyUITests;
				PRODUCT_NAME = "$(TARGET_NAME)";
				SWIFT_VERSION = 4.0;
				TARGETED_DEVICE_FAMILY = "1,2";
				TEST_TARGET_NAME = EnglishStudy;
			};
			name = Release;
		};
/* End XCBuildConfiguration section */

/* Begin XCConfigurationList section */
		502E26441F828C19007E6CE4 /* Build configuration list for PBXProject "EnglishStudy" */ = {
			isa = XCConfigurationList;
			buildConfigurations = (
				502E266F1F828C19007E6CE4 /* Debug */,
				502E26701F828C19007E6CE4 /* Release */,
			);
			defaultConfigurationIsVisible = 0;
			defaultConfigurationName = Release;
		};
		502E26711F828C19007E6CE4 /* Build configuration list for PBXNativeTarget "EnglishStudy" */ = {
			isa = XCConfigurationList;
			buildConfigurations = (
				502E26721F828C19007E6CE4 /* Debug */,
				502E26731F828C19007E6CE4 /* Release */,
			);
			defaultConfigurationIsVisible = 0;
			defaultConfigurationName = Release;
		};
		502E26741F828C19007E6CE4 /* Build configuration list for PBXNativeTarget "EnglishStudyTests" */ = {
			isa = XCConfigurationList;
			buildConfigurations = (
				502E26751F828C19007E6CE4 /* Debug */,
				502E26761F828C19007E6CE4 /* Release */,
			);
			defaultConfigurationIsVisible = 0;
			defaultConfigurationName = Release;
		};
		502E26771F828C19007E6CE4 /* Build configuration list for PBXNativeTarget "EnglishStudyUITests" */ = {
			isa = XCConfigurationList;
			buildConfigurations = (
				502E26781F828C19007E6CE4 /* Debug */,
				502E26791F828C19007E6CE4 /* Release */,
			);
			defaultConfigurationIsVisible = 0;
			defaultConfigurationName = Release;
		};
/* End XCConfigurationList section */
	};
	rootObject = 502E26411F828C19007E6CE4 /* Project object */;
}
